
Microsoft Visual Studio Solution File, Format Version 12.00
# Visual Studio Version 17
VisualStudioVersion = 17.4.33213.308
MinimumVisualStudioVersion = 10.0.40219.1
Project("{FAE04EC0-301F-11D3-BF4B-00C04F79EFBC}") = "MicroKanren", "MicroKanren\MicroKanren.csproj", "{30F4A4BA-1D9C-413B-8A7B-086DC1F9293E}"
EndProject
Project("{FAE04EC0-301F-11D3-BF4B-00C04F79EFBC}") = "MicroKanrenTests", "MicroKanrenTests\MicroKanrenTests.csproj", "{A61CFA9A-1A94-42EE-A1BD-D8E96F4626DF}"
EndProject
Global
	GlobalSection(SolutionConfigurationPlatforms) = preSolution
		Debug|Any CPU = Debug|Any CPU
		Release|Any CPU = Release|Any CPU
	EndGlobalSection
	GlobalSection(ProjectConfigurationPlatforms) = postSolution
		{30F4A4BA-1D9C-413B-8A7B-086DC1F9293E}.Debug|Any CPU.ActiveCfg = Debug|Any CPU
		{30F4A4BA-1D9C-413B-8A7B-086DC1F9293E}.Debug|Any CPU.Build.0 = Debug|Any CPU
		{30F4A4BA-1D9C-413B-8A7B-086DC1F9293E}.Release|Any CPU.ActiveCfg = Release|Any CPU
		{30F4A4BA-1D9C-413B-8A7B-086DC1F9293E}.Release|Any CPU.Build.0 = Release|Any CPU
		{A61CFA9A-1A94-42EE-A1BD-D8E96F4626DF}.Debug|Any CPU.ActiveCfg = Debug|Any CPU
		{A61CFA9A-1A94-42EE-A1BD-D8E96F4626DF}.Debug|Any CPU.Build.0 = Debug|Any CPU
		{A61CFA9A-1A94-42EE-A1BD-D8E96F4626DF}.Release|Any CPU.ActiveCfg = Release|Any CPU
		{A61CFA9A-1A94-42EE-A1BD-D8E96F4626DF}.Release|Any CPU.Build.0 = Release|Any CPU
	EndGlobalSection
	GlobalSection(SolutionProperties) = preSolution
		HideSolutionNode = FALSE
	EndGlobalSection
	GlobalSection(ExtensibilityGlobals) = postSolution
		SolutionGuid = {287428D6-D61E-403D-B44B-61E5D36DA759}
	EndGlobalSection
EndGlobal
